
Microsoft Visual Studio Solution File, Format Version 12.00
# Visual Studio Version 16
VisualStudioVersion = 16.0.31005.135
MinimumVisualStudioVersion = 10.0.40219.1
Project("{FAE04EC0-301F-11D3-BF4B-00C04F79EFBC}") = "pooMaiorIdade", "pooMaiorIdade\pooMaiorIdade.csproj", "{58252263-90BD-40E0-9D52-7C0E68D642FB}"
EndProject
Global
	GlobalSection(SolutionConfigurationPlatforms) = preSolution
		Debug|Any CPU = Debug|Any CPU
		Release|Any CPU = Release|Any CPU
	EndGlobalSection
	GlobalSection(ProjectConfigurationPlatforms) = postSolution
		{58252263-90BD-40E0-9D52-7C0E68D642FB}.Debug|Any CPU.ActiveCfg = Debug|Any CPU
		{58252263-90BD-40E0-9D52-7C0E68D642FB}.Debug|Any CPU.Build.0 = Debug|Any CPU
		{58252263-90BD-40E0-9D52-7C0E68D642FB}.Release|Any CPU.ActiveCfg = Release|Any CPU
		{58252263-90BD-40E0-9D52-7C0E68D642FB}.Release|Any CPU.Build.0 = Release|Any CPU
	EndGlobalSection
	GlobalSection(SolutionProperties) = preSolution
		HideSolutionNode = FALSE
	EndGlobalSection
	GlobalSection(ExtensibilityGlobals) = postSolution
		SolutionGuid = {C8CCCD5C-6580-44C5-B091-E52F38235A51}
	EndGlobalSection
EndGlobal
