
Microsoft Visual Studio Solution File, Format Version 12.00
# Visual Studio Version 16
VisualStudioVersion = 16.0.31005.135
MinimumVisualStudioVersion = 10.0.40219.1
Project("{FAE04EC0-301F-11D3-BF4B-00C04F79EFBC}") = "NewBanco", "NewBanco\NewBanco.csproj", "{4CD157F4-433B-47F4-9E7B-FCE7B6699C66}"
EndProject
Global
	GlobalSection(SolutionConfigurationPlatforms) = preSolution
		Debug|Any CPU = Debug|Any CPU
		Release|Any CPU = Release|Any CPU
	EndGlobalSection
	GlobalSection(ProjectConfigurationPlatforms) = postSolution
		{4CD157F4-433B-47F4-9E7B-FCE7B6699C66}.Debug|Any CPU.ActiveCfg = Debug|Any CPU
		{4CD157F4-433B-47F4-9E7B-FCE7B6699C66}.Debug|Any CPU.Build.0 = Debug|Any CPU
		{4CD157F4-433B-47F4-9E7B-FCE7B6699C66}.Release|Any CPU.ActiveCfg = Release|Any CPU
		{4CD157F4-433B-47F4-9E7B-FCE7B6699C66}.Release|Any CPU.Build.0 = Release|Any CPU
	EndGlobalSection
	GlobalSection(SolutionProperties) = preSolution
		HideSolutionNode = FALSE
	EndGlobalSection
	GlobalSection(ExtensibilityGlobals) = postSolution
		SolutionGuid = {85EEB346-AF9F-47D9-99FA-1ACA9CD2E83B}
	EndGlobalSection
EndGlobal
